
Microsoft Visual Studio Solution File, Format Version 12.00
# Visual Studio Version 17
VisualStudioVersion = 17.1.32319.34
MinimumVisualStudioVersion = 10.0.40219.1
Project("{FAE04EC0-301F-11D3-BF4B-00C04F79EFBC}") = "CRUD_In_MVC_New_Project", "CRUD_In_MVC_New_Project\CRUD_In_MVC_New_Project.csproj", "{4F2DB470-628A-4913-9986-12383A996AC5}"
EndProject
Global
	GlobalSection(SolutionConfigurationPlatforms) = preSolution
		Debug|Any CPU = Debug|Any CPU
		Release|Any CPU = Release|Any CPU
	EndGlobalSection
	GlobalSection(ProjectConfigurationPlatforms) = postSolution
		{4F2DB470-628A-4913-9986-12383A996AC5}.Debug|Any CPU.ActiveCfg = Debug|Any CPU
		{4F2DB470-628A-4913-9986-12383A996AC5}.Debug|Any CPU.Build.0 = Debug|Any CPU
		{4F2DB470-628A-4913-9986-12383A996AC5}.Release|Any CPU.ActiveCfg = Release|Any CPU
		{4F2DB470-628A-4913-9986-12383A996AC5}.Release|Any CPU.Build.0 = Release|Any CPU
	EndGlobalSection
	GlobalSection(SolutionProperties) = preSolution
		HideSolutionNode = FALSE
	EndGlobalSection
	GlobalSection(ExtensibilityGlobals) = postSolution
		SolutionGuid = {55F35970-59CB-4A27-A0E8-BA625F869DA8}
	EndGlobalSection
EndGlobal
